
Microsoft Visual Studio Solution File, Format Version 12.00
# Visual Studio Version 16
VisualStudioVersion = 16.0.30104.148
MinimumVisualStudioVersion = 10.0.40219.1
Project("{FAE04EC0-301F-11D3-BF4B-00C04F79EFBC}") = "WebApiAjax", "WebApiAjax\WebApiAjax.csproj", "{11FC84A1-C108-48AC-AAB7-08667597C831}"
EndProject
Global
	GlobalSection(SolutionConfigurationPlatforms) = preSolution
		Debug|Any CPU = Debug|Any CPU
		Release|Any CPU = Release|Any CPU
	EndGlobalSection
	GlobalSection(ProjectConfigurationPlatforms) = postSolution
		{11FC84A1-C108-48AC-AAB7-08667597C831}.Debug|Any CPU.ActiveCfg = Debug|Any CPU
		{11FC84A1-C108-48AC-AAB7-08667597C831}.Debug|Any CPU.Build.0 = Debug|Any CPU
		{11FC84A1-C108-48AC-AAB7-08667597C831}.Release|Any CPU.ActiveCfg = Release|Any CPU
		{11FC84A1-C108-48AC-AAB7-08667597C831}.Release|Any CPU.Build.0 = Release|Any CPU
	EndGlobalSection
	GlobalSection(SolutionProperties) = preSolution
		HideSolutionNode = FALSE
	EndGlobalSection
	GlobalSection(ExtensibilityGlobals) = postSolution
		SolutionGuid = {59313A1F-F0DB-4CB9-97FE-1737C17E7A8A}
	EndGlobalSection
EndGlobal
